
Microsoft Visual Studio Solution File, Format Version 12.00
# Visual Studio Version 17
VisualStudioVersion = 17.0.31903.59
MinimumVisualStudioVersion = 10.0.40219.1
Project("{FAE04EC0-301F-11D3-BF4B-00C04F79EFBC}") = "TaskManagementAPI", "TaskManagementAPI\TaskManagementAPI.csproj", "{C5450F2C-58F8-4ACB-9E04-0DD823C9D1E5}"
EndProject
Project("{FAE04EC0-301F-11D3-BF4B-00C04F79EFBC}") = "TaskManagementAPI.Tests", "TaskManagementAPI.Tests\TaskManagementAPI.Tests.csproj", "{90BEEC6A-BE24-4111-9640-4820B135F9F3}"
EndProject
Global
	GlobalSection(SolutionConfigurationPlatforms) = preSolution
		Debug|Any CPU = Debug|Any CPU
		Release|Any CPU = Release|Any CPU
	EndGlobalSection
	GlobalSection(SolutionProperties) = preSolution
		HideSolutionNode = FALSE
	EndGlobalSection
	GlobalSection(ProjectConfigurationPlatforms) = postSolution
		{C5450F2C-58F8-4ACB-9E04-0DD823C9D1E5}.Debug|Any CPU.ActiveCfg = Debug|Any CPU
		{C5450F2C-58F8-4ACB-9E04-0DD823C9D1E5}.Debug|Any CPU.Build.0 = Debug|Any CPU
		{C5450F2C-58F8-4ACB-9E04-0DD823C9D1E5}.Release|Any CPU.ActiveCfg = Release|Any CPU
		{C5450F2C-58F8-4ACB-9E04-0DD823C9D1E5}.Release|Any CPU.Build.0 = Release|Any CPU
		{90BEEC6A-BE24-4111-9640-4820B135F9F3}.Debug|Any CPU.ActiveCfg = Debug|Any CPU
		{90BEEC6A-BE24-4111-9640-4820B135F9F3}.Debug|Any CPU.Build.0 = Debug|Any CPU
		{90BEEC6A-BE24-4111-9640-4820B135F9F3}.Release|Any CPU.ActiveCfg = Release|Any CPU
		{90BEEC6A-BE24-4111-9640-4820B135F9F3}.Release|Any CPU.Build.0 = Release|Any CPU
	EndGlobalSection
EndGlobal
